// !$*UTF8*$!
{
	archiveVersion = 1;
	classes = {
	};
	objectVersion = 56;
	objects = {

/* Begin PBXBuildFile section */
		132240502C06FE1D000266D1 /* BMHANNAAir_otf.otf in Resources */ = {isa = PBXBuildFile; fileRef = 132240492C06FE1C000266D1 /* BMHANNAAir_otf.otf */; };
		132240512C06FE1D000266D1 /* BMYEONSUNG_otf.otf in Resources */ = {isa = PBXBuildFile; fileRef = 1322404A2C06FE1D000266D1 /* BMYEONSUNG_otf.otf */; };
		132240522C06FE1D000266D1 /* BMHANNA_11yrs_otf.otf in Resources */ = {isa = PBXBuildFile; fileRef = 1322404B2C06FE1D000266D1 /* BMHANNA_11yrs_otf.otf */; };
		132240532C06FE1D000266D1 /* BMKIRANGHAERANG-OTF.otf in Resources */ = {isa = PBXBuildFile; fileRef = 1322404C2C06FE1D000266D1 /* BMKIRANGHAERANG-OTF.otf */; };
		132240542C06FE1D000266D1 /* BMHANNAProOTF.otf in Resources */ = {isa = PBXBuildFile; fileRef = 1322404D2C06FE1D000266D1 /* BMHANNAProOTF.otf */; };
		132240552C06FE1D000266D1 /* BMDOHYEON_otf.otf in Resources */ = {isa = PBXBuildFile; fileRef = 1322404E2C06FE1D000266D1 /* BMDOHYEON_otf.otf */; };
		132240562C06FE1D000266D1 /* BMJUA_otf.otf in Resources */ = {isa = PBXBuildFile; fileRef = 1322404F2C06FE1D000266D1 /* BMJUA_otf.otf */; };
		132430D72C09A679006E00D6 /* AccountViewController.swift in Sources */ = {isa = PBXBuildFile; fileRef = 132430D62C09A679006E00D6 /* AccountViewController.swift */; };
		132430D92C09AF08006E00D6 /* LoginViewController.swift in Sources */ = {isa = PBXBuildFile; fileRef = 132430D82C09AF08006E00D6 /* LoginViewController.swift */; };
		132430DB2C09AF17006E00D6 /* MakeAccountViewController.swift in Sources */ = {isa = PBXBuildFile; fileRef = 132430DA2C09AF17006E00D6 /* MakeAccountViewController.swift */; };
		132D53022C0D91E400385603 /* SeePageViewController.swift in Sources */ = {isa = PBXBuildFile; fileRef = 132D53012C0D91E400385603 /* SeePageViewController.swift */; };
		132D53042C0D923400385603 /* SeeBookViewController.swift in Sources */ = {isa = PBXBuildFile; fileRef = 132D53032C0D923400385603 /* SeeBookViewController.swift */; };
		132D53062C0D925300385603 /* SeeUserViewController.swift in Sources */ = {isa = PBXBuildFile; fileRef = 132D53052C0D925300385603 /* SeeUserViewController.swift */; };
		133919312C071316008EC0A0 /* 표지1.jpg in Resources */ = {isa = PBXBuildFile; fileRef = 133919262C071316008EC0A0 /* 표지1.jpg */; };
		133919322C071316008EC0A0 /* 표지4.jpg in Resources */ = {isa = PBXBuildFile; fileRef = 133919272C071316008EC0A0 /* 표지4.jpg */; };
		133919332C071316008EC0A0 /* 표지10.png in Resources */ = {isa = PBXBuildFile; fileRef = 133919282C071316008EC0A0 /* 표지10.png */; };
		133919342C071316008EC0A0 /* 표지6.png in Resources */ = {isa = PBXBuildFile; fileRef = 133919292C071316008EC0A0 /* 표지6.png */; };
		133919352C071316008EC0A0 /* 표지11.png in Resources */ = {isa = PBXBuildFile; fileRef = 1339192A2C071316008EC0A0 /* 표지11.png */; };
		133919362C071316008EC0A0 /* 표지7.png in Resources */ = {isa = PBXBuildFile; fileRef = 1339192B2C071316008EC0A0 /* 표지7.png */; };
		133919372C071316008EC0A0 /* 표지9.png in Resources */ = {isa = PBXBuildFile; fileRef = 1339192C2C071316008EC0A0 /* 표지9.png */; };
		133919382C071316008EC0A0 /* 표지5.png in Resources */ = {isa = PBXBuildFile; fileRef = 1339192D2C071316008EC0A0 /* 표지5.png */; };
		133919392C071316008EC0A0 /* 표지3.jpg in Resources */ = {isa = PBXBuildFile; fileRef = 1339192E2C071316008EC0A0 /* 표지3.jpg */; };
		1339193A2C071316008EC0A0 /* 표지2.jpg in Resources */ = {isa = PBXBuildFile; fileRef = 1339192F2C071316008EC0A0 /* 표지2.jpg */; };
		1339193B2C071316008EC0A0 /* 표지8.png in Resources */ = {isa = PBXBuildFile; fileRef = 133919302C071316008EC0A0 /* 표지8.png */; };
		1339193D2C0715E1008EC0A0 /* BookDetailViewController.swift in Sources */ = {isa = PBXBuildFile; fileRef = 1339193C2C0715E1008EC0A0 /* BookDetailViewController.swift */; };
		133919432C0744B7008EC0A0 /* 유머.png in Resources */ = {isa = PBXBuildFile; fileRef = 133919422C0744B7008EC0A0 /* 유머.png */; };
		1360F9042C0AFCA500A4707C /* SelectBookViewController.swift in Sources */ = {isa = PBXBuildFile; fileRef = 1360F9032C0AFCA500A4707C /* SelectBookViewController.swift */; };
		13837C1B2C0B1419001229C8 /* WriteContentViewController.swift in Sources */ = {isa = PBXBuildFile; fileRef = 13837C1A2C0B1419001229C8 /* WriteContentViewController.swift */; };
		13837C1E2C0B1A16001229C8 /* microphone.png in Resources */ = {isa = PBXBuildFile; fileRef = 13837C1D2C0B1A16001229C8 /* microphone.png */; };
		13837C202C0B3F00001229C8 /* EmotionViewController.swift in Sources */ = {isa = PBXBuildFile; fileRef = 13837C1F2C0B3F00001229C8 /* EmotionViewController.swift */; };
		139F6C582C0604DA0040185B /* CategoryViewController.swift in Sources */ = {isa = PBXBuildFile; fileRef = 139F6C572C0604DA0040185B /* CategoryViewController.swift */; };
		139F6C692C0605270040185B /* 인문·철학.png in Resources */ = {isa = PBXBuildFile; fileRef = 139F6C5A2C0605270040185B /* 인문·철학.png */; };
		139F6C6A2C0605270040185B /* 연애.png in Resources */ = {isa = PBXBuildFile; fileRef = 139F6C5B2C0605270040185B /* 연애.png */; };
		139F6C6B2C0605270040185B /* IT·과학.png in Resources */ = {isa = PBXBuildFile; fileRef = 139F6C5C2C0605270040185B /* IT·과학.png */; };
		139F6C6C2C0605270040185B /* 소설.png in Resources */ = {isa = PBXBuildFile; fileRef = 139F6C5D2C0605270040185B /* 소설.png */; };
		139F6C6D2C0605270040185B /* 요리.png in Resources */ = {isa = PBXBuildFile; fileRef = 139F6C5E2C0605270040185B /* 요리.png */; };
		139F6C6F2C0605270040185B /* 음악.png in Resources */ = {isa = PBXBuildFile; fileRef = 139F6C602C0605270040185B /* 음악.png */; };
		139F6C702C0605270040185B /* 결혼·육아.png in Resources */ = {isa = PBXBuildFile; fileRef = 139F6C612C0605270040185B /* 결혼·육아.png */; };
		139F6C712C0605270040185B /* 여행.png in Resources */ = {isa = PBXBuildFile; fileRef = 139F6C622C0605270040185B /* 여행.png */; };
		139F6C722C0605270040185B /* 자기계발.png in Resources */ = {isa = PBXBuildFile; fileRef = 139F6C632C0605270040185B /* 자기계발.png */; };
		139F6C732C0605270040185B /* 동물.png in Resources */ = {isa = PBXBuildFile; fileRef = 139F6C642C0605270040185B /* 동물.png */; };
		139F6C742C0605270040185B /* 문화·예술.png in Resources */ = {isa = PBXBuildFile; fileRef = 139F6C652C0605270040185B /* 문화·예술.png */; };
		139F6C752C0605270040185B /* 건강·운동.png in Resources */ = {isa = PBXBuildFile; fileRef = 139F6C662C0605270040185B /* 건강·운동.png */; };
		139F6C762C0605270040185B /* 영화·드라마.png in Resources */ = {isa = PBXBuildFile; fileRef = 139F6C672C0605270040185B /* 영화·드라마.png */; };
		139F6C772C0605270040185B /* 부동산·주식.png in Resources */ = {isa = PBXBuildFile; fileRef = 139F6C682C0605270040185B /* 부동산·주식.png */; };
		139F6C792C0606AD0040185B /* CategoryListViewController.swift in Sources */ = {isa = PBXBuildFile; fileRef = 139F6C782C0606AD0040185B /* CategoryListViewController.swift */; };
		139F6C872C0609D30040185B /* rage.png in Resources */ = {isa = PBXBuildFile; fileRef = 139F6C832C0609D30040185B /* rage.png */; };
		139F6C882C0609D30040185B /* sad.png in Resources */ = {isa = PBXBuildFile; fileRef = 139F6C842C0609D30040185B /* sad.png */; };
		139F6C892C0609D30040185B /* happy.png in Resources */ = {isa = PBXBuildFile; fileRef = 139F6C852C0609D30040185B /* happy.png */; };
		139F6C8A2C0609D30040185B /* normal.png in Resources */ = {isa = PBXBuildFile; fileRef = 139F6C862C0609D30040185B /* normal.png */; };
		13E7DE942BF5C1B60093E643 /* AppDelegate.swift in Sources */ = {isa = PBXBuildFile; fileRef = 13E7DE932BF5C1B60093E643 /* AppDelegate.swift */; };
		13E7DE962BF5C1B60093E643 /* SceneDelegate.swift in Sources */ = {isa = PBXBuildFile; fileRef = 13E7DE952BF5C1B60093E643 /* SceneDelegate.swift */; };
		13E7DE9B2BF5C1B60093E643 /* Main.storyboard in Resources */ = {isa = PBXBuildFile; fileRef = 13E7DE992BF5C1B60093E643 /* Main.storyboard */; };
		13E7DE9D2BF5C1B80093E643 /* Assets.xcassets in Resources */ = {isa = PBXBuildFile; fileRef = 13E7DE9C2BF5C1B80093E643 /* Assets.xcassets */; };
		13E7DEA02BF5C1B80093E643 /* LaunchScreen.storyboard in Resources */ = {isa = PBXBuildFile; fileRef = 13E7DE9E2BF5C1B80093E643 /* LaunchScreen.storyboard */; };
		13E7DEAC2BF6FB0F0093E643 /* HomeViewController.swift in Sources */ = {isa = PBXBuildFile; fileRef = 13E7DEAB2BF6FB0F0093E643 /* HomeViewController.swift */; };
		13E7DEAE2BF70A2F0093E643 /* SearchViewController.swift in Sources */ = {isa = PBXBuildFile; fileRef = 13E7DEAD2BF70A2F0093E643 /* SearchViewController.swift */; };
		13E7DEB02BF70A390093E643 /* WriteViewController.swift in Sources */ = {isa = PBXBuildFile; fileRef = 13E7DEAF2BF70A390093E643 /* WriteViewController.swift */; };
		13E7DEB22BF70A460093E643 /* HeartViewController.swift in Sources */ = {isa = PBXBuildFile; fileRef = 13E7DEB12BF70A460093E643 /* HeartViewController.swift */; };
		13E7DEB42BF70A530093E643 /* MypageViewController.swift in Sources */ = {isa = PBXBuildFile; fileRef = 13E7DEB32BF70A530093E643 /* MypageViewController.swift */; };
		13E7DEC72BF7144B0093E643 /* voice-recognition.png in Resources */ = {isa = PBXBuildFile; fileRef = 13E7DEC62BF7144B0093E643 /* voice-recognition.png */; };
		13F0C4AB2C07875A005FFC9D /* ScrabViewController.swift in Sources */ = {isa = PBXBuildFile; fileRef = 13F0C4AA2C07875A005FFC9D /* ScrabViewController.swift */; };
		73118FBF2C1020FB0059E95F /* PageApi.swift in Sources */ = {isa = PBXBuildFile; fileRef = 73118FBE2C1020FB0059E95F /* PageApi.swift */; };
		73118FC12C1022E60059E95F /* PageDto.swift in Sources */ = {isa = PBXBuildFile; fileRef = 73118FC02C1022E60059E95F /* PageDto.swift */; };
		73118FC32C1026F80059E95F /* BasePageableResponse.swift in Sources */ = {isa = PBXBuildFile; fileRef = 73118FC22C1026F80059E95F /* BasePageableResponse.swift */; };
		73118FC52C10280A0059E95F /* FullContextPageDto.swift in Sources */ = {isa = PBXBuildFile; fileRef = 73118FC42C10280A0059E95F /* FullContextPageDto.swift */; };
		73118FC72C102AE90059E95F /* DeleteLikeRequestDto.swift in Sources */ = {isa = PBXBuildFile; fileRef = 73118FC62C102AE90059E95F /* DeleteLikeRequestDto.swift */; };
		73118FC92C102C5D0059E95F /* PostLikeRequestDto.swift in Sources */ = {isa = PBXBuildFile; fileRef = 73118FC82C102C5D0059E95F /* PostLikeRequestDto.swift */; };
		73118FCB2C102CCC0059E95F /* PutLinkPagesRequestDto.swift in Sources */ = {isa = PBXBuildFile; fileRef = 73118FCA2C102CCC0059E95F /* PutLinkPagesRequestDto.swift */; };
		73118FCD2C102D950059E95F /* SavePageRequestDto.swift in Sources */ = {isa = PBXBuildFile; fileRef = 73118FCC2C102D950059E95F /* SavePageRequestDto.swift */; };
		73118FCF2C102DEC0059E95F /* UpdatePageRequestDto.swift in Sources */ = {isa = PBXBuildFile; fileRef = 73118FCE2C102DEC0059E95F /* UpdatePageRequestDto.swift */; };
		733CAE6C2C02FAC8007A4568 /* VoiceApi.swift in Sources */ = {isa = PBXBuildFile; fileRef = 733CAE6B2C02FAC8007A4568 /* VoiceApi.swift */; };
		733CAE702C02FF85007A4568 /* ApiRequestInterceptor.swift in Sources */ = {isa = PBXBuildFile; fileRef = 733CAE6F2C02FF85007A4568 /* ApiRequestInterceptor.swift */; };
		733CAE742C030099007A4568 /* Authentication.swift in Sources */ = {isa = PBXBuildFile; fileRef = 733CAE732C030099007A4568 /* Authentication.swift */; };
		733CAE762C03019A007A4568 /* AuthenticationApi.swift in Sources */ = {isa = PBXBuildFile; fileRef = 733CAE752C03019A007A4568 /* AuthenticationApi.swift */; };
		733CAE792C0302B0007A4568 /* ApiVariables.swift in Sources */ = {isa = PBXBuildFile; fileRef = 733CAE782C0302B0007A4568 /* ApiVariables.swift */; };
		733CAE7F2C03059C007A4568 /* LoginResponseDto.swift in Sources */ = {isa = PBXBuildFile; fileRef = 733CAE7E2C03059C007A4568 /* LoginResponseDto.swift */; };
		733CAE832C045A71007A4568 /* BaseResponse.swift in Sources */ = {isa = PBXBuildFile; fileRef = 733CAE822C045A71007A4568 /* BaseResponse.swift */; };
		733CAE862C045D90007A4568 /* AudioRecorder.swift in Sources */ = {isa = PBXBuildFile; fileRef = 733CAE852C045D90007A4568 /* AudioRecorder.swift */; };
		733CAEC42C0ADC01007A4568 /* VoiceResponseDto.swift in Sources */ = {isa = PBXBuildFile; fileRef = 733CAEC32C0ADC01007A4568 /* VoiceResponseDto.swift */; };
		737EF8C52C0B133C00B8269F /* BackendEmotions.swift in Sources */ = {isa = PBXBuildFile; fileRef = 737EF8C42C0B133C00B8269F /* BackendEmotions.swift */; };
		E4DCBA6BCE6C6A7D16108A19 /* Pods_may24.framework in Frameworks */ = {isa = PBXBuildFile; fileRef = F97C05CA1E589E7C2C0D7772 /* Pods_may24.framework */; };
/* End PBXBuildFile section */

/* Begin PBXFileReference section */
		132240492C06FE1C000266D1 /* BMHANNAAir_otf.otf */ = {isa = PBXFileReference; lastKnownFileType = file; path = BMHANNAAir_otf.otf; sourceTree = "<group>"; };
		1322404A2C06FE1D000266D1 /* BMYEONSUNG_otf.otf */ = {isa = PBXFileReference; lastKnownFileType = file; path = BMYEONSUNG_otf.otf; sourceTree = "<group>"; };
		1322404B2C06FE1D000266D1 /* BMHANNA_11yrs_otf.otf */ = {isa = PBXFileReference; lastKnownFileType = file; path = BMHANNA_11yrs_otf.otf; sourceTree = "<group>"; };
		1322404C2C06FE1D000266D1 /* BMKIRANGHAERANG-OTF.otf */ = {isa = PBXFileReference; lastKnownFileType = file; path = "BMKIRANGHAERANG-OTF.otf"; sourceTree = "<group>"; };
		1322404D2C06FE1D000266D1 /* BMHANNAProOTF.otf */ = {isa = PBXFileReference; lastKnownFileType = file; path = BMHANNAProOTF.otf; sourceTree = "<group>"; };
		1322404E2C06FE1D000266D1 /* BMDOHYEON_otf.otf */ = {isa = PBXFileReference; lastKnownFileType = file; path = BMDOHYEON_otf.otf; sourceTree = "<group>"; };
		1322404F2C06FE1D000266D1 /* BMJUA_otf.otf */ = {isa = PBXFileReference; lastKnownFileType = file; path = BMJUA_otf.otf; sourceTree = "<group>"; };
		132430D62C09A679006E00D6 /* AccountViewController.swift */ = {isa = PBXFileReference; lastKnownFileType = sourcecode.swift; path = AccountViewController.swift; sourceTree = "<group>"; };
		132430D82C09AF08006E00D6 /* LoginViewController.swift */ = {isa = PBXFileReference; lastKnownFileType = sourcecode.swift; path = LoginViewController.swift; sourceTree = "<group>"; };
		132430DA2C09AF17006E00D6 /* MakeAccountViewController.swift */ = {isa = PBXFileReference; lastKnownFileType = sourcecode.swift; path = MakeAccountViewController.swift; sourceTree = "<group>"; };
		132D53012C0D91E400385603 /* SeePageViewController.swift */ = {isa = PBXFileReference; lastKnownFileType = sourcecode.swift; path = SeePageViewController.swift; sourceTree = "<group>"; };
		132D53032C0D923400385603 /* SeeBookViewController.swift */ = {isa = PBXFileReference; lastKnownFileType = sourcecode.swift; path = SeeBookViewController.swift; sourceTree = "<group>"; };
		132D53052C0D925300385603 /* SeeUserViewController.swift */ = {isa = PBXFileReference; lastKnownFileType = sourcecode.swift; path = SeeUserViewController.swift; sourceTree = "<group>"; };
		133919262C071316008EC0A0 /* 표지1.jpg */ = {isa = PBXFileReference; lastKnownFileType = image.jpeg; path = "표지1.jpg"; sourceTree = "<group>"; };
		133919272C071316008EC0A0 /* 표지4.jpg */ = {isa = PBXFileReference; lastKnownFileType = image.jpeg; path = "표지4.jpg"; sourceTree = "<group>"; };
		133919282C071316008EC0A0 /* 표지10.png */ = {isa = PBXFileReference; lastKnownFileType = image.png; path = "표지10.png"; sourceTree = "<group>"; };
		133919292C071316008EC0A0 /* 표지6.png */ = {isa = PBXFileReference; lastKnownFileType = image.png; path = "표지6.png"; sourceTree = "<group>"; };
		1339192A2C071316008EC0A0 /* 표지11.png */ = {isa = PBXFileReference; lastKnownFileType = image.png; path = "표지11.png"; sourceTree = "<group>"; };
		1339192B2C071316008EC0A0 /* 표지7.png */ = {isa = PBXFileReference; lastKnownFileType = image.png; path = "표지7.png"; sourceTree = "<group>"; };
		1339192C2C071316008EC0A0 /* 표지9.png */ = {isa = PBXFileReference; lastKnownFileType = image.png; path = "표지9.png"; sourceTree = "<group>"; };
		1339192D2C071316008EC0A0 /* 표지5.png */ = {isa = PBXFileReference; lastKnownFileType = image.png; path = "표지5.png"; sourceTree = "<group>"; };
		1339192E2C071316008EC0A0 /* 표지3.jpg */ = {isa = PBXFileReference; lastKnownFileType = image.jpeg; path = "표지3.jpg"; sourceTree = "<group>"; };
		1339192F2C071316008EC0A0 /* 표지2.jpg */ = {isa = PBXFileReference; lastKnownFileType = image.jpeg; path = "표지2.jpg"; sourceTree = "<group>"; };
		133919302C071316008EC0A0 /* 표지8.png */ = {isa = PBXFileReference; lastKnownFileType = image.png; path = "표지8.png"; sourceTree = "<group>"; };
		1339193C2C0715E1008EC0A0 /* BookDetailViewController.swift */ = {isa = PBXFileReference; lastKnownFileType = sourcecode.swift; path = BookDetailViewController.swift; sourceTree = "<group>"; };
		133919422C0744B7008EC0A0 /* 유머.png */ = {isa = PBXFileReference; lastKnownFileType = image.png; name = "유머.png"; path = "may24/유머.png"; sourceTree = SOURCE_ROOT; };
		1360F9032C0AFCA500A4707C /* SelectBookViewController.swift */ = {isa = PBXFileReference; lastKnownFileType = sourcecode.swift; path = SelectBookViewController.swift; sourceTree = "<group>"; };
		13837C1A2C0B1419001229C8 /* WriteContentViewController.swift */ = {isa = PBXFileReference; lastKnownFileType = sourcecode.swift; path = WriteContentViewController.swift; sourceTree = "<group>"; };
		13837C1D2C0B1A16001229C8 /* microphone.png */ = {isa = PBXFileReference; lastKnownFileType = image.png; path = microphone.png; sourceTree = "<group>"; };
		13837C1F2C0B3F00001229C8 /* EmotionViewController.swift */ = {isa = PBXFileReference; lastKnownFileType = sourcecode.swift; path = EmotionViewController.swift; sourceTree = "<group>"; };
		139F6C572C0604DA0040185B /* CategoryViewController.swift */ = {isa = PBXFileReference; lastKnownFileType = sourcecode.swift; path = CategoryViewController.swift; sourceTree = "<group>"; };
		139F6C5A2C0605270040185B /* 인문·철학.png */ = {isa = PBXFileReference; lastKnownFileType = image.png; path = "인문·철학.png"; sourceTree = "<group>"; };
		139F6C5B2C0605270040185B /* 연애.png */ = {isa = PBXFileReference; lastKnownFileType = image.png; path = "연애.png"; sourceTree = "<group>"; };
		139F6C5C2C0605270040185B /* IT·과학.png */ = {isa = PBXFileReference; lastKnownFileType = image.png; path = "IT·과학.png"; sourceTree = "<group>"; };
		139F6C5D2C0605270040185B /* 소설.png */ = {isa = PBXFileReference; lastKnownFileType = image.png; path = "소설.png"; sourceTree = "<group>"; };
		139F6C5E2C0605270040185B /* 요리.png */ = {isa = PBXFileReference; lastKnownFileType = image.png; path = "요리.png"; sourceTree = "<group>"; };
		139F6C602C0605270040185B /* 음악.png */ = {isa = PBXFileReference; lastKnownFileType = image.png; path = "음악.png"; sourceTree = "<group>"; };
		139F6C612C0605270040185B /* 결혼·육아.png */ = {isa = PBXFileReference; lastKnownFileType = image.png; path = "결혼·육아.png"; sourceTree = "<group>"; };
		139F6C622C0605270040185B /* 여행.png */ = {isa = PBXFileReference; lastKnownFileType = image.png; path = "여행.png"; sourceTree = "<group>"; };
		139F6C632C0605270040185B /* 자기계발.png */ = {isa = PBXFileReference; lastKnownFileType = image.png; path = "자기계발.png"; sourceTree = "<group>"; };
		139F6C642C0605270040185B /* 동물.png */ = {isa = PBXFileReference; lastKnownFileType = image.png; path = "동물.png"; sourceTree = "<group>"; };
		139F6C652C0605270040185B /* 문화·예술.png */ = {isa = PBXFileReference; lastKnownFileType = image.png; path = "문화·예술.png"; sourceTree = "<group>"; };
		139F6C662C0605270040185B /* 건강·운동.png */ = {isa = PBXFileReference; lastKnownFileType = image.png; path = "건강·운동.png"; sourceTree = "<group>"; };
		139F6C672C0605270040185B /* 영화·드라마.png */ = {isa = PBXFileReference; lastKnownFileType = image.png; path = "영화·드라마.png"; sourceTree = "<group>"; };
		139F6C682C0605270040185B /* 부동산·주식.png */ = {isa = PBXFileReference; lastKnownFileType = image.png; path = "부동산·주식.png"; sourceTree = "<group>"; };
		139F6C782C0606AD0040185B /* CategoryListViewController.swift */ = {isa = PBXFileReference; lastKnownFileType = sourcecode.swift; path = CategoryListViewController.swift; sourceTree = "<group>"; };
		139F6C832C0609D30040185B /* rage.png */ = {isa = PBXFileReference; lastKnownFileType = image.png; path = rage.png; sourceTree = "<group>"; };
		139F6C842C0609D30040185B /* sad.png */ = {isa = PBXFileReference; lastKnownFileType = image.png; path = sad.png; sourceTree = "<group>"; };
		139F6C852C0609D30040185B /* happy.png */ = {isa = PBXFileReference; lastKnownFileType = image.png; path = happy.png; sourceTree = "<group>"; };
		139F6C862C0609D30040185B /* normal.png */ = {isa = PBXFileReference; lastKnownFileType = image.png; path = normal.png; sourceTree = "<group>"; };
		13E7DE902BF5C1B60093E643 /* may24.app */ = {isa = PBXFileReference; explicitFileType = wrapper.application; includeInIndex = 0; path = may24.app; sourceTree = BUILT_PRODUCTS_DIR; };
		13E7DE932BF5C1B60093E643 /* AppDelegate.swift */ = {isa = PBXFileReference; lastKnownFileType = sourcecode.swift; path = AppDelegate.swift; sourceTree = "<group>"; };
		13E7DE952BF5C1B60093E643 /* SceneDelegate.swift */ = {isa = PBXFileReference; lastKnownFileType = sourcecode.swift; path = SceneDelegate.swift; sourceTree = "<group>"; };
		13E7DE9A2BF5C1B60093E643 /* Base */ = {isa = PBXFileReference; lastKnownFileType = file.storyboard; name = Base; path = Base.lproj/Main.storyboard; sourceTree = "<group>"; };
		13E7DE9C2BF5C1B80093E643 /* Assets.xcassets */ = {isa = PBXFileReference; lastKnownFileType = folder.assetcatalog; path = Assets.xcassets; sourceTree = "<group>"; };
		13E7DE9F2BF5C1B80093E643 /* Base */ = {isa = PBXFileReference; lastKnownFileType = file.storyboard; name = Base; path = Base.lproj/LaunchScreen.storyboard; sourceTree = "<group>"; };
		13E7DEA12BF5C1B80093E643 /* Info.plist */ = {isa = PBXFileReference; lastKnownFileType = text.plist.xml; path = Info.plist; sourceTree = "<group>"; };
		13E7DEAB2BF6FB0F0093E643 /* HomeViewController.swift */ = {isa = PBXFileReference; lastKnownFileType = sourcecode.swift; path = HomeViewController.swift; sourceTree = "<group>"; };
		13E7DEAD2BF70A2F0093E643 /* SearchViewController.swift */ = {isa = PBXFileReference; lastKnownFileType = sourcecode.swift; path = SearchViewController.swift; sourceTree = "<group>"; };
		13E7DEAF2BF70A390093E643 /* WriteViewController.swift */ = {isa = PBXFileReference; lastKnownFileType = sourcecode.swift; path = WriteViewController.swift; sourceTree = "<group>"; };
		13E7DEB12BF70A460093E643 /* HeartViewController.swift */ = {isa = PBXFileReference; lastKnownFileType = sourcecode.swift; path = HeartViewController.swift; sourceTree = "<group>"; };
		13E7DEB32BF70A530093E643 /* MypageViewController.swift */ = {isa = PBXFileReference; lastKnownFileType = sourcecode.swift; path = MypageViewController.swift; sourceTree = "<group>"; };
		13E7DEC62BF7144B0093E643 /* voice-recognition.png */ = {isa = PBXFileReference; lastKnownFileType = image.png; path = "voice-recognition.png"; sourceTree = "<group>"; };
		13F0C4AA2C07875A005FFC9D /* ScrabViewController.swift */ = {isa = PBXFileReference; lastKnownFileType = sourcecode.swift; path = ScrabViewController.swift; sourceTree = "<group>"; };
		439FD1C7EE556BB11A8BE45B /* Pods-may24.debug.xcconfig */ = {isa = PBXFileReference; includeInIndex = 1; lastKnownFileType = text.xcconfig; name = "Pods-may24.debug.xcconfig"; path = "Target Support Files/Pods-may24/Pods-may24.debug.xcconfig"; sourceTree = "<group>"; };
		65B7E023F07AED3E694B6052 /* Pods-may24.release.xcconfig */ = {isa = PBXFileReference; includeInIndex = 1; lastKnownFileType = text.xcconfig; name = "Pods-may24.release.xcconfig"; path = "Target Support Files/Pods-may24/Pods-may24.release.xcconfig"; sourceTree = "<group>"; };
		73118FBE2C1020FB0059E95F /* PageApi.swift */ = {isa = PBXFileReference; lastKnownFileType = sourcecode.swift; path = PageApi.swift; sourceTree = "<group>"; };
		73118FC02C1022E60059E95F /* PageDto.swift */ = {isa = PBXFileReference; lastKnownFileType = sourcecode.swift; path = PageDto.swift; sourceTree = "<group>"; };
		73118FC22C1026F80059E95F /* BasePageableResponse.swift */ = {isa = PBXFileReference; lastKnownFileType = sourcecode.swift; path = BasePageableResponse.swift; sourceTree = "<group>"; };
		73118FC42C10280A0059E95F /* FullContextPageDto.swift */ = {isa = PBXFileReference; lastKnownFileType = sourcecode.swift; path = FullContextPageDto.swift; sourceTree = "<group>"; };
		73118FC62C102AE90059E95F /* DeleteLikeRequestDto.swift */ = {isa = PBXFileReference; lastKnownFileType = sourcecode.swift; name = DeleteLikeRequestDto.swift; path = may24/api/dto/response/DeleteLikeRequestDto.swift; sourceTree = SOURCE_ROOT; };
		73118FC82C102C5D0059E95F /* PostLikeRequestDto.swift */ = {isa = PBXFileReference; lastKnownFileType = sourcecode.swift; name = PostLikeRequestDto.swift; path = may24/api/dto/response/PostLikeRequestDto.swift; sourceTree = SOURCE_ROOT; };
		73118FCA2C102CCC0059E95F /* PutLinkPagesRequestDto.swift */ = {isa = PBXFileReference; lastKnownFileType = sourcecode.swift; name = PutLinkPagesRequestDto.swift; path = may24/api/dto/response/PutLinkPagesRequestDto.swift; sourceTree = SOURCE_ROOT; };
		73118FCC2C102D950059E95F /* SavePageRequestDto.swift */ = {isa = PBXFileReference; lastKnownFileType = sourcecode.swift; name = SavePageRequestDto.swift; path = may24/api/dto/response/SavePageRequestDto.swift; sourceTree = SOURCE_ROOT; };
		73118FCE2C102DEC0059E95F /* UpdatePageRequestDto.swift */ = {isa = PBXFileReference; lastKnownFileType = sourcecode.swift; name = UpdatePageRequestDto.swift; path = may24/api/dto/response/UpdatePageRequestDto.swift; sourceTree = SOURCE_ROOT; };
		733CAE6B2C02FAC8007A4568 /* VoiceApi.swift */ = {isa = PBXFileReference; lastKnownFileType = sourcecode.swift; path = VoiceApi.swift; sourceTree = "<group>"; };
		733CAE6F2C02FF85007A4568 /* ApiRequestInterceptor.swift */ = {isa = PBXFileReference; lastKnownFileType = sourcecode.swift; path = ApiRequestInterceptor.swift; sourceTree = "<group>"; };
		733CAE732C030099007A4568 /* Authentication.swift */ = {isa = PBXFileReference; lastKnownFileType = sourcecode.swift; path = Authentication.swift; sourceTree = "<group>"; };
		733CAE752C03019A007A4568 /* AuthenticationApi.swift */ = {isa = PBXFileReference; lastKnownFileType = sourcecode.swift; path = AuthenticationApi.swift; sourceTree = "<group>"; };
		733CAE782C0302B0007A4568 /* ApiVariables.swift */ = {isa = PBXFileReference; lastKnownFileType = sourcecode.swift; path = ApiVariables.swift; sourceTree = "<group>"; };
		733CAE7E2C03059C007A4568 /* LoginResponseDto.swift */ = {isa = PBXFileReference; lastKnownFileType = sourcecode.swift; path = LoginResponseDto.swift; sourceTree = "<group>"; };
		733CAE822C045A71007A4568 /* BaseResponse.swift */ = {isa = PBXFileReference; lastKnownFileType = sourcecode.swift; path = BaseResponse.swift; sourceTree = "<group>"; };
		733CAE852C045D90007A4568 /* AudioRecorder.swift */ = {isa = PBXFileReference; lastKnownFileType = sourcecode.swift; path = AudioRecorder.swift; sourceTree = "<group>"; };
		733CAEC32C0ADC01007A4568 /* VoiceResponseDto.swift */ = {isa = PBXFileReference; lastKnownFileType = sourcecode.swift; path = VoiceResponseDto.swift; sourceTree = "<group>"; };
		737EF8C42C0B133C00B8269F /* BackendEmotions.swift */ = {isa = PBXFileReference; lastKnownFileType = sourcecode.swift; name = BackendEmotions.swift; path = may24/model/BackendEmotions.swift; sourceTree = SOURCE_ROOT; };
		F97C05CA1E589E7C2C0D7772 /* Pods_may24.framework */ = {isa = PBXFileReference; explicitFileType = wrapper.framework; includeInIndex = 0; path = Pods_may24.framework; sourceTree = BUILT_PRODUCTS_DIR; };
/* End PBXFileReference section */

/* Begin PBXFrameworksBuildPhase section */
		13E7DE8D2BF5C1B60093E643 /* Frameworks */ = {
			isa = PBXFrameworksBuildPhase;
			buildActionMask = 2147483647;
			files = (
				E4DCBA6BCE6C6A7D16108A19 /* Pods_may24.framework in Frameworks */,
			);
			runOnlyForDeploymentPostprocessing = 0;
		};
/* End PBXFrameworksBuildPhase section */

/* Begin PBXGroup section */
		132240572C06FECD000266D1 /* 표지 */ = {
			isa = PBXGroup;
			children = (
				133919262C071316008EC0A0 /* 표지1.jpg */,
				1339192F2C071316008EC0A0 /* 표지2.jpg */,
				1339192E2C071316008EC0A0 /* 표지3.jpg */,
				133919272C071316008EC0A0 /* 표지4.jpg */,
				1339192D2C071316008EC0A0 /* 표지5.png */,
				133919292C071316008EC0A0 /* 표지6.png */,
				1339192B2C071316008EC0A0 /* 표지7.png */,
				133919302C071316008EC0A0 /* 표지8.png */,
				1339192C2C071316008EC0A0 /* 표지9.png */,
				133919282C071316008EC0A0 /* 표지10.png */,
				1339192A2C071316008EC0A0 /* 표지11.png */,
			);
			name = "표지";
			sourceTree = "<group>";
		};
		13837C1C2C0B1A09001229C8 /* 기타 사진 */ = {
			isa = PBXGroup;
			children = (
				13E7DEC62BF7144B0093E643 /* voice-recognition.png */,
				13837C1D2C0B1A16001229C8 /* microphone.png */,
			);
			name = "기타 사진";
			sourceTree = "<group>";
		};
		139F6C592C06051C0040185B /* 카테고리 */ = {
			isa = PBXGroup;
			children = (
				139F6C662C0605270040185B /* 건강·운동.png */,
				139F6C612C0605270040185B /* 결혼·육아.png */,
				139F6C642C0605270040185B /* 동물.png */,
				139F6C652C0605270040185B /* 문화·예술.png */,
				139F6C682C0605270040185B /* 부동산·주식.png */,
				139F6C5D2C0605270040185B /* 소설.png */,
				139F6C622C0605270040185B /* 여행.png */,
				139F6C5B2C0605270040185B /* 연애.png */,
				133919422C0744B7008EC0A0 /* 유머.png */,
				139F6C672C0605270040185B /* 영화·드라마.png */,
				139F6C5E2C0605270040185B /* 요리.png */,
				139F6C602C0605270040185B /* 음악.png */,
				139F6C5A2C0605270040185B /* 인문·철학.png */,
				139F6C632C0605270040185B /* 자기계발.png */,
				139F6C5C2C0605270040185B /* IT·과학.png */,
			);
			name = "카테고리";
			sourceTree = "<group>";
		};
		139F6C7A2C06091F0040185B /* font */ = {
			isa = PBXGroup;
			children = (
				1322404E2C06FE1D000266D1 /* BMDOHYEON_otf.otf */,
				1322404B2C06FE1D000266D1 /* BMHANNA_11yrs_otf.otf */,
				132240492C06FE1C000266D1 /* BMHANNAAir_otf.otf */,
				1322404D2C06FE1D000266D1 /* BMHANNAProOTF.otf */,
				1322404F2C06FE1D000266D1 /* BMJUA_otf.otf */,
				1322404C2C06FE1D000266D1 /* BMKIRANGHAERANG-OTF.otf */,
				1322404A2C06FE1D000266D1 /* BMYEONSUNG_otf.otf */,
			);
			name = font;
			sourceTree = "<group>";
		};
		139F6C822C0609A80040185B /* emoji */ = {
			isa = PBXGroup;
			children = (
				139F6C852C0609D30040185B /* happy.png */,
				139F6C862C0609D30040185B /* normal.png */,
				139F6C832C0609D30040185B /* rage.png */,
				139F6C842C0609D30040185B /* sad.png */,
			);
			name = emoji;
			sourceTree = "<group>";
		};
		13E7DE872BF5C1B60093E643 = {
			isa = PBXGroup;
			children = (
				13E7DE922BF5C1B60093E643 /* may24 */,
				13E7DE912BF5C1B60093E643 /* Products */,
				3DC47675FD7DF073090C25BF /* Pods */,
				64F8B37F198B22B8B2FA21AB /* Frameworks */,
			);
			sourceTree = "<group>";
		};
		13E7DE912BF5C1B60093E643 /* Products */ = {
			isa = PBXGroup;
			children = (
				13E7DE902BF5C1B60093E643 /* may24.app */,
			);
			name = Products;
			sourceTree = "<group>";
		};
		13E7DE922BF5C1B60093E643 /* may24 */ = {
			isa = PBXGroup;
			children = (
				737EF8C12C0B12CB00B8269F /* model */,
				733CAE842C045D4F007A4568 /* features */,
				733CAE692C02DB9C007A4568 /* api */,
				13E7DECA2BF714810093E643 /* resources */,
				13E7DECB2BF714A60093E643 /* ViewControllers */,
				13E7DE932BF5C1B60093E643 /* AppDelegate.swift */,
				13E7DE952BF5C1B60093E643 /* SceneDelegate.swift */,
				13E7DE992BF5C1B60093E643 /* Main.storyboard */,
				13E7DE9C2BF5C1B80093E643 /* Assets.xcassets */,
				13E7DE9E2BF5C1B80093E643 /* LaunchScreen.storyboard */,
				13E7DEA12BF5C1B80093E643 /* Info.plist */,
			);
			path = may24;
			sourceTree = "<group>";
		};
		13E7DECA2BF714810093E643 /* resources */ = {
			isa = PBXGroup;
			children = (
				13837C1C2C0B1A09001229C8 /* 기타 사진 */,
				132240572C06FECD000266D1 /* 표지 */,
				139F6C822C0609A80040185B /* emoji */,
				139F6C7A2C06091F0040185B /* font */,
				139F6C592C06051C0040185B /* 카테고리 */,
			);
			name = resources;
			sourceTree = "<group>";
		};
		13E7DECB2BF714A60093E643 /* ViewControllers */ = {
			isa = PBXGroup;
			children = (
				13E7DEAD2BF70A2F0093E643 /* SearchViewController.swift */,
				13E7DEAF2BF70A390093E643 /* WriteViewController.swift */,
				13E7DEB12BF70A460093E643 /* HeartViewController.swift */,
				13E7DEB32BF70A530093E643 /* MypageViewController.swift */,
				13E7DEAB2BF6FB0F0093E643 /* HomeViewController.swift */,
				139F6C572C0604DA0040185B /* CategoryViewController.swift */,
				139F6C782C0606AD0040185B /* CategoryListViewController.swift */,
				1339193C2C0715E1008EC0A0 /* BookDetailViewController.swift */,
				13F0C4AA2C07875A005FFC9D /* ScrabViewController.swift */,
				132430D62C09A679006E00D6 /* AccountViewController.swift */,
				132430D82C09AF08006E00D6 /* LoginViewController.swift */,
				132430DA2C09AF17006E00D6 /* MakeAccountViewController.swift */,
				13837C1A2C0B1419001229C8 /* WriteContentViewController.swift */,
				1360F9032C0AFCA500A4707C /* SelectBookViewController.swift */,
				13837C1F2C0B3F00001229C8 /* EmotionViewController.swift */,
				132D53012C0D91E400385603 /* SeePageViewController.swift */,
				132D53032C0D923400385603 /* SeeBookViewController.swift */,
				132D53052C0D925300385603 /* SeeUserViewController.swift */,
			);
			path = ViewControllers;
			sourceTree = "<group>";
		};
		3DC47675FD7DF073090C25BF /* Pods */ = {
			isa = PBXGroup;
			children = (
				439FD1C7EE556BB11A8BE45B /* Pods-may24.debug.xcconfig */,
				65B7E023F07AED3E694B6052 /* Pods-may24.release.xcconfig */,
			);
			path = Pods;
			sourceTree = "<group>";
		};
		64F8B37F198B22B8B2FA21AB /* Frameworks */ = {
			isa = PBXGroup;
			children = (
				F97C05CA1E589E7C2C0D7772 /* Pods_may24.framework */,
			);
			name = Frameworks;
			sourceTree = "<group>";
		};
		733CAE692C02DB9C007A4568 /* api */ = {
			isa = PBXGroup;
			children = (
				733CAE772C03026A007A4568 /* interceptor */,
				733CAE6A2C02DBAB007A4568 /* dto */,
				733CAE6B2C02FAC8007A4568 /* VoiceApi.swift */,
				733CAE752C03019A007A4568 /* AuthenticationApi.swift */,
				733CAE782C0302B0007A4568 /* ApiVariables.swift */,
				73118FBE2C1020FB0059E95F /* PageApi.swift */,
			);
			path = api;
			sourceTree = "<group>";
		};
		733CAE6A2C02DBAB007A4568 /* dto */ = {
			isa = PBXGroup;
			children = (
				733CAE7B2C0303AA007A4568 /* response */,
				733CAE7A2C0303A4007A4568 /* request */,
			);
			path = dto;
			sourceTree = "<group>";
		};
		733CAE772C03026A007A4568 /* interceptor */ = {
			isa = PBXGroup;
			children = (
				733CAE732C030099007A4568 /* Authentication.swift */,
				733CAE6F2C02FF85007A4568 /* ApiRequestInterceptor.swift */,
			);
			path = interceptor;
			sourceTree = "<group>";
		};
		733CAE7A2C0303A4007A4568 /* request */ = {
			isa = PBXGroup;
			children = (
				737EF8C42C0B133C00B8269F /* BackendEmotions.swift */,
				73118FC62C102AE90059E95F /* DeleteLikeRequestDto.swift */,
				73118FC82C102C5D0059E95F /* PostLikeRequestDto.swift */,
				73118FCA2C102CCC0059E95F /* PutLinkPagesRequestDto.swift */,
				73118FCC2C102D950059E95F /* SavePageRequestDto.swift */,
				73118FCE2C102DEC0059E95F /* UpdatePageRequestDto.swift */,
			);
			path = request;
			sourceTree = "<group>";
		};
		733CAE7B2C0303AA007A4568 /* response */ = {
			isa = PBXGroup;
			children = (
				733CAE7E2C03059C007A4568 /* LoginResponseDto.swift */,
				733CAE822C045A71007A4568 /* BaseResponse.swift */,
				733CAEC32C0ADC01007A4568 /* VoiceResponseDto.swift */,
				73118FC02C1022E60059E95F /* PageDto.swift */,
				73118FC22C1026F80059E95F /* BasePageableResponse.swift */,
				73118FC42C10280A0059E95F /* FullContextPageDto.swift */,
			);
			path = response;
			sourceTree = "<group>";
		};
		733CAE842C045D4F007A4568 /* features */ = {
			isa = PBXGroup;
			children = (
				733CAE852C045D90007A4568 /* AudioRecorder.swift */,
			);
			path = features;
			sourceTree = "<group>";
		};
		737EF8C12C0B12CB00B8269F /* model */ = {
			isa = PBXGroup;
			children = (
			);
			path = model;
			sourceTree = "<group>";
		};
/* End PBXGroup section */

/* Begin PBXNativeTarget section */
		13E7DE8F2BF5C1B60093E643 /* may24 */ = {
			isa = PBXNativeTarget;
			buildConfigurationList = 13E7DEA42BF5C1B80093E643 /* Build configuration list for PBXNativeTarget "may24" */;
			buildPhases = (
				72D726C176928E75AB2E0DC5 /* [CP] Check Pods Manifest.lock */,
				13E7DE8C2BF5C1B60093E643 /* Sources */,
				13E7DE8D2BF5C1B60093E643 /* Frameworks */,
				13E7DE8E2BF5C1B60093E643 /* Resources */,
				8FAECB1D6070A502C7536EB8 /* [CP] Embed Pods Frameworks */,
			);
			buildRules = (
			);
			dependencies = (
			);
			name = may24;
			productName = may24;
			productReference = 13E7DE902BF5C1B60093E643 /* may24.app */;
			productType = "com.apple.product-type.application";
		};
/* End PBXNativeTarget section */

/* Begin PBXProject section */
		13E7DE882BF5C1B60093E643 /* Project object */ = {
			isa = PBXProject;
			attributes = {
				BuildIndependentTargetsInParallel = 1;
				LastSwiftUpdateCheck = 1500;
				LastUpgradeCheck = 1500;
				TargetAttributes = {
					13E7DE8F2BF5C1B60093E643 = {
						CreatedOnToolsVersion = 15.0.1;
					};
				};
			};
			buildConfigurationList = 13E7DE8B2BF5C1B60093E643 /* Build configuration list for PBXProject "may24" */;
			compatibilityVersion = "Xcode 14.0";
			developmentRegion = en;
			hasScannedForEncodings = 0;
			knownRegions = (
				en,
				Base,
			);
			mainGroup = 13E7DE872BF5C1B60093E643;
			productRefGroup = 13E7DE912BF5C1B60093E643 /* Products */;
			projectDirPath = "";
			projectRoot = "";
			targets = (
				13E7DE8F2BF5C1B60093E643 /* may24 */,
			);
		};
/* End PBXProject section */

/* Begin PBXResourcesBuildPhase section */
		13E7DE8E2BF5C1B60093E643 /* Resources */ = {
			isa = PBXResourcesBuildPhase;
			buildActionMask = 2147483647;
			files = (
				139F6C6B2C0605270040185B /* IT·과학.png in Resources */,
				139F6C6C2C0605270040185B /* 소설.png in Resources */,
				133919382C071316008EC0A0 /* 표지5.png in Resources */,
				139F6C772C0605270040185B /* 부동산·주식.png in Resources */,
				1339193B2C071316008EC0A0 /* 표지8.png in Resources */,
				139F6C8A2C0609D30040185B /* normal.png in Resources */,
				139F6C712C0605270040185B /* 여행.png in Resources */,
				139F6C892C0609D30040185B /* happy.png in Resources */,
				139F6C6F2C0605270040185B /* 음악.png in Resources */,
				13837C1E2C0B1A16001229C8 /* microphone.png in Resources */,
				132240542C06FE1D000266D1 /* BMHANNAProOTF.otf in Resources */,
				139F6C752C0605270040185B /* 건강·운동.png in Resources */,
				133919332C071316008EC0A0 /* 표지10.png in Resources */,
				139F6C882C0609D30040185B /* sad.png in Resources */,
				139F6C872C0609D30040185B /* rage.png in Resources */,
				133919322C071316008EC0A0 /* 표지4.jpg in Resources */,
				132240502C06FE1D000266D1 /* BMHANNAAir_otf.otf in Resources */,
				13E7DEC72BF7144B0093E643 /* voice-recognition.png in Resources */,
				133919392C071316008EC0A0 /* 표지3.jpg in Resources */,
				139F6C722C0605270040185B /* 자기계발.png in Resources */,
				13E7DEA02BF5C1B80093E643 /* LaunchScreen.storyboard in Resources */,
				139F6C732C0605270040185B /* 동물.png in Resources */,
				132240532C06FE1D000266D1 /* BMKIRANGHAERANG-OTF.otf in Resources */,
				13E7DE9D2BF5C1B80093E643 /* Assets.xcassets in Resources */,
				133919312C071316008EC0A0 /* 표지1.jpg in Resources */,
				139F6C692C0605270040185B /* 인문·철학.png in Resources */,
				132240562C06FE1D000266D1 /* BMJUA_otf.otf in Resources */,
				139F6C6D2C0605270040185B /* 요리.png in Resources */,
				132240512C06FE1D000266D1 /* BMYEONSUNG_otf.otf in Resources */,
				139F6C762C0605270040185B /* 영화·드라마.png in Resources */,
				133919432C0744B7008EC0A0 /* 유머.png in Resources */,
				133919352C071316008EC0A0 /* 표지11.png in Resources */,
				139F6C6A2C0605270040185B /* 연애.png in Resources */,
				133919372C071316008EC0A0 /* 표지9.png in Resources */,
				139F6C742C0605270040185B /* 문화·예술.png in Resources */,
				1339193A2C071316008EC0A0 /* 표지2.jpg in Resources */,
				133919342C071316008EC0A0 /* 표지6.png in Resources */,
				139F6C702C0605270040185B /* 결혼·육아.png in Resources */,
				132240552C06FE1D000266D1 /* BMDOHYEON_otf.otf in Resources */,
				132240522C06FE1D000266D1 /* BMHANNA_11yrs_otf.otf in Resources */,
				133919362C071316008EC0A0 /* 표지7.png in Resources */,
				13E7DE9B2BF5C1B60093E643 /* Main.storyboard in Resources */,
			);
			runOnlyForDeploymentPostprocessing = 0;
		};
/* End PBXResourcesBuildPhase section */

/* Begin PBXShellScriptBuildPhase section */
		72D726C176928E75AB2E0DC5 /* [CP] Check Pods Manifest.lock */ = {
			isa = PBXShellScriptBuildPhase;
			buildActionMask = 2147483647;
			files = (
			);
			inputFileListPaths = (
			);
			inputPaths = (
				"${PODS_PODFILE_DIR_PATH}/Podfile.lock",
				"${PODS_ROOT}/Manifest.lock",
			);
			name = "[CP] Check Pods Manifest.lock";
			outputFileListPaths = (
			);
			outputPaths = (
				"$(DERIVED_FILE_DIR)/Pods-may24-checkManifestLockResult.txt",
			);
			runOnlyForDeploymentPostprocessing = 0;
			shellPath = /bin/sh;
			shellScript = "diff \"${PODS_PODFILE_DIR_PATH}/Podfile.lock\" \"${PODS_ROOT}/Manifest.lock\" > /dev/null\nif [ $? != 0 ] ; then\n    # print error to STDERR\n    echo \"error: The sandbox is not in sync with the Podfile.lock. Run 'pod install' or update your CocoaPods installation.\" >&2\n    exit 1\nfi\n# This output is used by Xcode 'outputs' to avoid re-running this script phase.\necho \"SUCCESS\" > \"${SCRIPT_OUTPUT_FILE_0}\"\n";
			showEnvVarsInLog = 0;
		};
		8FAECB1D6070A502C7536EB8 /* [CP] Embed Pods Frameworks */ = {
			isa = PBXShellScriptBuildPhase;
			buildActionMask = 2147483647;
			files = (
			);
			inputFileListPaths = (
				"${PODS_ROOT}/Target Support Files/Pods-may24/Pods-may24-frameworks-${CONFIGURATION}-input-files.xcfilelist",
			);
			name = "[CP] Embed Pods Frameworks";
			outputFileListPaths = (
				"${PODS_ROOT}/Target Support Files/Pods-may24/Pods-may24-frameworks-${CONFIGURATION}-output-files.xcfilelist",
			);
			runOnlyForDeploymentPostprocessing = 0;
			shellPath = /bin/sh;
			shellScript = "\"${PODS_ROOT}/Target Support Files/Pods-may24/Pods-may24-frameworks.sh\"\n";
			showEnvVarsInLog = 0;
		};
/* End PBXShellScriptBuildPhase section */

/* Begin PBXSourcesBuildPhase section */
		13E7DE8C2BF5C1B60093E643 /* Sources */ = {
			isa = PBXSourcesBuildPhase;
			buildActionMask = 2147483647;
			files = (
				13837C1B2C0B1419001229C8 /* WriteContentViewController.swift in Sources */,
				132430D92C09AF08006E00D6 /* LoginViewController.swift in Sources */,
				733CAE762C03019A007A4568 /* AuthenticationApi.swift in Sources */,
				73118FCB2C102CCC0059E95F /* PutLinkPagesRequestDto.swift in Sources */,
				733CAE702C02FF85007A4568 /* ApiRequestInterceptor.swift in Sources */,
				13E7DEB02BF70A390093E643 /* WriteViewController.swift in Sources */,
				73118FCF2C102DEC0059E95F /* UpdatePageRequestDto.swift in Sources */,
				132430DB2C09AF17006E00D6 /* MakeAccountViewController.swift in Sources */,
				733CAE6C2C02FAC8007A4568 /* VoiceApi.swift in Sources */,
				139F6C792C0606AD0040185B /* CategoryListViewController.swift in Sources */,
				139F6C582C0604DA0040185B /* CategoryViewController.swift in Sources */,
				73118FC72C102AE90059E95F /* DeleteLikeRequestDto.swift in Sources */,
				132D53062C0D925300385603 /* SeeUserViewController.swift in Sources */,
				132430D72C09A679006E00D6 /* AccountViewController.swift in Sources */,
				733CAE792C0302B0007A4568 /* ApiVariables.swift in Sources */,
				73118FC12C1022E60059E95F /* PageDto.swift in Sources */,
				13E7DEAE2BF70A2F0093E643 /* SearchViewController.swift in Sources */,
				13E7DE942BF5C1B60093E643 /* AppDelegate.swift in Sources */,
				73118FCD2C102D950059E95F /* SavePageRequestDto.swift in Sources */,
				73118FC52C10280A0059E95F /* FullContextPageDto.swift in Sources */,
				733CAEC42C0ADC01007A4568 /* VoiceResponseDto.swift in Sources */,
				132D53042C0D923400385603 /* SeeBookViewController.swift in Sources */,
				73118FC32C1026F80059E95F /* BasePageableResponse.swift in Sources */,
				132D53022C0D91E400385603 /* SeePageViewController.swift in Sources */,
				13E7DE962BF5C1B60093E643 /* SceneDelegate.swift in Sources */,
				13E7DEAC2BF6FB0F0093E643 /* HomeViewController.swift in Sources */,
				733CAE862C045D90007A4568 /* AudioRecorder.swift in Sources */,
				737EF8C52C0B133C00B8269F /* BackendEmotions.swift in Sources */,
				13E7DEB22BF70A460093E643 /* HeartViewController.swift in Sources */,
				73118FC92C102C5D0059E95F /* PostLikeRequestDto.swift in Sources */,
				73118FBF2C1020FB0059E95F /* PageApi.swift in Sources */,
				13E7DEB42BF70A530093E643 /* MypageViewController.swift in Sources */,
				1339193D2C0715E1008EC0A0 /* BookDetailViewController.swift in Sources */,
				13F0C4AB2C07875A005FFC9D /* ScrabViewController.swift in Sources */,
				13837C202C0B3F00001229C8 /* EmotionViewController.swift in Sources */,
				1360F9042C0AFCA500A4707C /* SelectBookViewController.swift in Sources */,
				733CAE832C045A71007A4568 /* BaseResponse.swift in Sources */,
				733CAE7F2C03059C007A4568 /* LoginResponseDto.swift in Sources */,
				733CAE742C030099007A4568 /* Authentication.swift in Sources */,
			);
			runOnlyForDeploymentPostprocessing = 0;
		};
/* End PBXSourcesBuildPhase section */

/* Begin PBXVariantGroup section */
		13E7DE992BF5C1B60093E643 /* Main.storyboard */ = {
			isa = PBXVariantGroup;
			children = (
				13E7DE9A2BF5C1B60093E643 /* Base */,
			);
			name = Main.storyboard;
			sourceTree = "<group>";
		};
		13E7DE9E2BF5C1B80093E643 /* LaunchScreen.storyboard */ = {
			isa = PBXVariantGroup;
			children = (
				13E7DE9F2BF5C1B80093E643 /* Base */,
			);
			name = LaunchScreen.storyboard;
			sourceTree = "<group>";
		};
/* End PBXVariantGroup section */

/* Begin XCBuildConfiguration section */
		13E7DEA22BF5C1B80093E643 /* Debug */ = {
			isa = XCBuildConfiguration;
			buildSettings = {
				ALWAYS_SEARCH_USER_PATHS = NO;
				ASSETCATALOG_COMPILER_GENERATE_SWIFT_ASSET_SYMBOL_EXTENSIONS = YES;
				CLANG_ANALYZER_NONNULL = YES;
				CLANG_ANALYZER_NUMBER_OBJECT_CONVERSION = YES_AGGRESSIVE;
				CLANG_CXX_LANGUAGE_STANDARD = "gnu++20";
				CLANG_ENABLE_MODULES = YES;
				CLANG_ENABLE_OBJC_ARC = YES;
				CLANG_ENABLE_OBJC_WEAK = YES;
				CLANG_WARN_BLOCK_CAPTURE_AUTORELEASING = YES;
				CLANG_WARN_BOOL_CONVERSION = YES;
				CLANG_WARN_COMMA = YES;
				CLANG_WARN_CONSTANT_CONVERSION = YES;
				CLANG_WARN_DEPRECATED_OBJC_IMPLEMENTATIONS = YES;
				CLANG_WARN_DIRECT_OBJC_ISA_USAGE = YES_ERROR;
				CLANG_WARN_DOCUMENTATION_COMMENTS = YES;
				CLANG_WARN_EMPTY_BODY = YES;
				CLANG_WARN_ENUM_CONVERSION = YES;
				CLANG_WARN_INFINITE_RECURSION = YES;
				CLANG_WARN_INT_CONVERSION = YES;
				CLANG_WARN_NON_LITERAL_NULL_CONVERSION = YES;
				CLANG_WARN_OBJC_IMPLICIT_RETAIN_SELF = YES;
				CLANG_WARN_OBJC_LITERAL_CONVERSION = YES;
				CLANG_WARN_OBJC_ROOT_CLASS = YES_ERROR;
				CLANG_WARN_QUOTED_INCLUDE_IN_FRAMEWORK_HEADER = YES;
				CLANG_WARN_RANGE_LOOP_ANALYSIS = YES;
				CLANG_WARN_STRICT_PROTOTYPES = YES;
				CLANG_WARN_SUSPICIOUS_MOVE = YES;
				CLANG_WARN_UNGUARDED_AVAILABILITY = YES_AGGRESSIVE;
				CLANG_WARN_UNREACHABLE_CODE = YES;
				CLANG_WARN__DUPLICATE_METHOD_MATCH = YES;
				COPY_PHASE_STRIP = NO;
				DEBUG_INFORMATION_FORMAT = dwarf;
				ENABLE_STRICT_OBJC_MSGSEND = YES;
				ENABLE_TESTABILITY = YES;
				ENABLE_USER_SCRIPT_SANDBOXING = NO;
				GCC_C_LANGUAGE_STANDARD = gnu17;
				GCC_DYNAMIC_NO_PIC = NO;
				GCC_NO_COMMON_BLOCKS = YES;
				GCC_OPTIMIZATION_LEVEL = 0;
				GCC_PREPROCESSOR_DEFINITIONS = (
					"DEBUG=1",
					"$(inherited)",
				);
				GCC_WARN_64_TO_32_BIT_CONVERSION = YES;
				GCC_WARN_ABOUT_RETURN_TYPE = YES_ERROR;
				GCC_WARN_UNDECLARED_SELECTOR = YES;
				GCC_WARN_UNINITIALIZED_AUTOS = YES_AGGRESSIVE;
				GCC_WARN_UNUSED_FUNCTION = YES;
				GCC_WARN_UNUSED_VARIABLE = YES;
				IPHONEOS_DEPLOYMENT_TARGET = 17.0;
				LOCALIZATION_PREFERS_STRING_CATALOGS = YES;
				MTL_ENABLE_DEBUG_INFO = INCLUDE_SOURCE;
				MTL_FAST_MATH = YES;
				ONLY_ACTIVE_ARCH = YES;
				SDKROOT = iphoneos;
				SWIFT_ACTIVE_COMPILATION_CONDITIONS = "DEBUG $(inherited)";
				SWIFT_OPTIMIZATION_LEVEL = "-Onone";
			};
			name = Debug;
		};
		13E7DEA32BF5C1B80093E643 /* Release */ = {
			isa = XCBuildConfiguration;
			buildSettings = {
				ALWAYS_SEARCH_USER_PATHS = NO;
				ASSETCATALOG_COMPILER_GENERATE_SWIFT_ASSET_SYMBOL_EXTENSIONS = YES;
				CLANG_ANALYZER_NONNULL = YES;
				CLANG_ANALYZER_NUMBER_OBJECT_CONVERSION = YES_AGGRESSIVE;
				CLANG_CXX_LANGUAGE_STANDARD = "gnu++20";
				CLANG_ENABLE_MODULES = YES;
				CLANG_ENABLE_OBJC_ARC = YES;
				CLANG_ENABLE_OBJC_WEAK = YES;
				CLANG_WARN_BLOCK_CAPTURE_AUTORELEASING = YES;
				CLANG_WARN_BOOL_CONVERSION = YES;
				CLANG_WARN_COMMA = YES;
				CLANG_WARN_CONSTANT_CONVERSION = YES;
				CLANG_WARN_DEPRECATED_OBJC_IMPLEMENTATIONS = YES;
				CLANG_WARN_DIRECT_OBJC_ISA_USAGE = YES_ERROR;
				CLANG_WARN_DOCUMENTATION_COMMENTS = YES;
				CLANG_WARN_EMPTY_BODY = YES;
				CLANG_WARN_ENUM_CONVERSION = YES;
				CLANG_WARN_INFINITE_RECURSION = YES;
				CLANG_WARN_INT_CONVERSION = YES;
				CLANG_WARN_NON_LITERAL_NULL_CONVERSION = YES;
				CLANG_WARN_OBJC_IMPLICIT_RETAIN_SELF = YES;
				CLANG_WARN_OBJC_LITERAL_CONVERSION = YES;
				CLANG_WARN_OBJC_ROOT_CLASS = YES_ERROR;
				CLANG_WARN_QUOTED_INCLUDE_IN_FRAMEWORK_HEADER = YES;
				CLANG_WARN_RANGE_LOOP_ANALYSIS = YES;
				CLANG_WARN_STRICT_PROTOTYPES = YES;
				CLANG_WARN_SUSPICIOUS_MOVE = YES;
				CLANG_WARN_UNGUARDED_AVAILABILITY = YES_AGGRESSIVE;
				CLANG_WARN_UNREACHABLE_CODE = YES;
				CLANG_WARN__DUPLICATE_METHOD_MATCH = YES;
				COPY_PHASE_STRIP = NO;
				DEBUG_INFORMATION_FORMAT = "dwarf-with-dsym";
				ENABLE_NS_ASSERTIONS = NO;
				ENABLE_STRICT_OBJC_MSGSEND = YES;
				ENABLE_USER_SCRIPT_SANDBOXING = NO;
				GCC_C_LANGUAGE_STANDARD = gnu17;
				GCC_NO_COMMON_BLOCKS = YES;
				GCC_WARN_64_TO_32_BIT_CONVERSION = YES;
				GCC_WARN_ABOUT_RETURN_TYPE = YES_ERROR;
				GCC_WARN_UNDECLARED_SELECTOR = YES;
				GCC_WARN_UNINITIALIZED_AUTOS = YES_AGGRESSIVE;
				GCC_WARN_UNUSED_FUNCTION = YES;
				GCC_WARN_UNUSED_VARIABLE = YES;
				IPHONEOS_DEPLOYMENT_TARGET = 17.0;
				LOCALIZATION_PREFERS_STRING_CATALOGS = YES;
				MTL_ENABLE_DEBUG_INFO = NO;
				MTL_FAST_MATH = YES;
				SDKROOT = iphoneos;
				SWIFT_COMPILATION_MODE = wholemodule;
				VALIDATE_PRODUCT = YES;
			};
			name = Release;
		};
		13E7DEA52BF5C1B80093E643 /* Debug */ = {
			isa = XCBuildConfiguration;
			baseConfigurationReference = 439FD1C7EE556BB11A8BE45B /* Pods-may24.debug.xcconfig */;
			buildSettings = {
				ASSETCATALOG_COMPILER_APPICON_NAME = AppIcon;
				ASSETCATALOG_COMPILER_GLOBAL_ACCENT_COLOR_NAME = AccentColor;
				CODE_SIGN_STYLE = Automatic;
				CURRENT_PROJECT_VERSION = 1;
				DEVELOPMENT_TEAM = 9LPGL9GXUQ;
				GENERATE_INFOPLIST_FILE = YES;
				INFOPLIST_FILE = may24/Info.plist;
				INFOPLIST_KEY_UIApplicationSupportsIndirectInputEvents = YES;
				INFOPLIST_KEY_UILaunchStoryboardName = LaunchScreen;
				INFOPLIST_KEY_UIMainStoryboardFile = Main;
				INFOPLIST_KEY_UISupportedInterfaceOrientations_iPad = "UIInterfaceOrientationPortrait UIInterfaceOrientationPortraitUpsideDown UIInterfaceOrientationLandscapeLeft UIInterfaceOrientationLandscapeRight";
				INFOPLIST_KEY_UISupportedInterfaceOrientations_iPhone = "UIInterfaceOrientationPortrait UIInterfaceOrientationLandscapeLeft UIInterfaceOrientationLandscapeRight";
				LD_RUNPATH_SEARCH_PATHS = (
					"$(inherited)",
					"@executable_path/Frameworks",
				);
				MARKETING_VERSION = 1.0;
				PRODUCT_BUNDLE_IDENTIFIER = com.may24.Telloment;
				PRODUCT_NAME = "$(TARGET_NAME)";
				SWIFT_EMIT_LOC_STRINGS = YES;
				SWIFT_VERSION = 5.0;
				TARGETED_DEVICE_FAMILY = "1,2";
			};
			name = Debug;
		};
		13E7DEA62BF5C1B80093E643 /* Release */ = {
			isa = XCBuildConfiguration;
			baseConfigurationReference = 65B7E023F07AED3E694B6052 /* Pods-may24.release.xcconfig */;
			buildSettings = {
				ASSETCATALOG_COMPILER_APPICON_NAME = AppIcon;
				ASSETCATALOG_COMPILER_GLOBAL_ACCENT_COLOR_NAME = AccentColor;
				CODE_SIGN_STYLE = Automatic;
				CURRENT_PROJECT_VERSION = 1;
				DEVELOPMENT_TEAM = 9LPGL9GXUQ;
				GENERATE_INFOPLIST_FILE = YES;
				INFOPLIST_FILE = may24/Info.plist;
				INFOPLIST_KEY_UIApplicationSupportsIndirectInputEvents = YES;
				INFOPLIST_KEY_UILaunchStoryboardName = LaunchScreen;
				INFOPLIST_KEY_UIMainStoryboardFile = Main;
				INFOPLIST_KEY_UISupportedInterfaceOrientations_iPad = "UIInterfaceOrientationPortrait UIInterfaceOrientationPortraitUpsideDown UIInterfaceOrientationLandscapeLeft UIInterfaceOrientationLandscapeRight";
				INFOPLIST_KEY_UISupportedInterfaceOrientations_iPhone = "UIInterfaceOrientationPortrait UIInterfaceOrientationLandscapeLeft UIInterfaceOrientationLandscapeRight";
				LD_RUNPATH_SEARCH_PATHS = (
					"$(inherited)",
					"@executable_path/Frameworks",
				);
				MARKETING_VERSION = 1.0;
				PRODUCT_BUNDLE_IDENTIFIER = com.may24.Telloment;
				PRODUCT_NAME = "$(TARGET_NAME)";
				SWIFT_EMIT_LOC_STRINGS = YES;
				SWIFT_VERSION = 5.0;
				TARGETED_DEVICE_FAMILY = "1,2";
			};
			name = Release;
		};
/* End XCBuildConfiguration section */

/* Begin XCConfigurationList section */
		13E7DE8B2BF5C1B60093E643 /* Build configuration list for PBXProject "may24" */ = {
			isa = XCConfigurationList;
			buildConfigurations = (
				13E7DEA22BF5C1B80093E643 /* Debug */,
				13E7DEA32BF5C1B80093E643 /* Release */,
			);
			defaultConfigurationIsVisible = 0;
			defaultConfigurationName = Release;
		};
		13E7DEA42BF5C1B80093E643 /* Build configuration list for PBXNativeTarget "may24" */ = {
			isa = XCConfigurationList;
			buildConfigurations = (
				13E7DEA52BF5C1B80093E643 /* Debug */,
				13E7DEA62BF5C1B80093E643 /* Release */,
			);
			defaultConfigurationIsVisible = 0;
			defaultConfigurationName = Release;
		};
/* End XCConfigurationList section */
	};
	rootObject = 13E7DE882BF5C1B60093E643 /* Project object */;
}
