// !$*UTF8*$!
{
	archiveVersion = 1;
	classes = {
	};
	objectVersion = 56;
	objects = {

/* Begin PBXBuildFile section */
		13E7DE942BF5C1B60093E643 /* AppDelegate.swift in Sources */ = {isa = PBXBuildFile; fileRef = 13E7DE932BF5C1B60093E643 /* AppDelegate.swift */; };
		13E7DE962BF5C1B60093E643 /* SceneDelegate.swift in Sources */ = {isa = PBXBuildFile; fileRef = 13E7DE952BF5C1B60093E643 /* SceneDelegate.swift */; };
		13E7DE9B2BF5C1B60093E643 /* Main.storyboard in Resources */ = {isa = PBXBuildFile; fileRef = 13E7DE992BF5C1B60093E643 /* Main.storyboard */; };
		13E7DE9D2BF5C1B80093E643 /* Assets.xcassets in Resources */ = {isa = PBXBuildFile; fileRef = 13E7DE9C2BF5C1B80093E643 /* Assets.xcassets */; };
		13E7DEA02BF5C1B80093E643 /* LaunchScreen.storyboard in Resources */ = {isa = PBXBuildFile; fileRef = 13E7DE9E2BF5C1B80093E643 /* LaunchScreen.storyboard */; };
		13E7DEAC2BF6FB0F0093E643 /* HomeViewController.swift in Sources */ = {isa = PBXBuildFile; fileRef = 13E7DEAB2BF6FB0F0093E643 /* HomeViewController.swift */; };
		13E7DEAE2BF70A2F0093E643 /* SearchViewController.swift in Sources */ = {isa = PBXBuildFile; fileRef = 13E7DEAD2BF70A2F0093E643 /* SearchViewController.swift */; };
		13E7DEB02BF70A390093E643 /* WriteViewController.swift in Sources */ = {isa = PBXBuildFile; fileRef = 13E7DEAF2BF70A390093E643 /* WriteViewController.swift */; };
		13E7DEB22BF70A460093E643 /* HeartViewController.swift in Sources */ = {isa = PBXBuildFile; fileRef = 13E7DEB12BF70A460093E643 /* HeartViewController.swift */; };
		13E7DEB42BF70A530093E643 /* MypageViewController.swift in Sources */ = {isa = PBXBuildFile; fileRef = 13E7DEB32BF70A530093E643 /* MypageViewController.swift */; };
		13E7DEC72BF7144B0093E643 /* voice-recognition.png in Resources */ = {isa = PBXBuildFile; fileRef = 13E7DEC62BF7144B0093E643 /* voice-recognition.png */; };
		13E7DEC92BF714620093E643 /* fonts in Resources */ = {isa = PBXBuildFile; fileRef = 13E7DEC82BF714620093E643 /* fonts */; };
		E4DCBA6BCE6C6A7D16108A19 /* Pods_may24.framework in Frameworks */ = {isa = PBXBuildFile; fileRef = F97C05CA1E589E7C2C0D7772 /* Pods_may24.framework */; };
/* End PBXBuildFile section */

/* Begin PBXFileReference section */
		13E7DE902BF5C1B60093E643 /* may24.app */ = {isa = PBXFileReference; explicitFileType = wrapper.application; includeInIndex = 0; path = may24.app; sourceTree = BUILT_PRODUCTS_DIR; };
		13E7DE932BF5C1B60093E643 /* AppDelegate.swift */ = {isa = PBXFileReference; lastKnownFileType = sourcecode.swift; path = AppDelegate.swift; sourceTree = "<group>"; };
		13E7DE952BF5C1B60093E643 /* SceneDelegate.swift */ = {isa = PBXFileReference; lastKnownFileType = sourcecode.swift; path = SceneDelegate.swift; sourceTree = "<group>"; };
		13E7DE9A2BF5C1B60093E643 /* Base */ = {isa = PBXFileReference; lastKnownFileType = file.storyboard; name = Base; path = Base.lproj/Main.storyboard; sourceTree = "<group>"; };
		13E7DE9C2BF5C1B80093E643 /* Assets.xcassets */ = {isa = PBXFileReference; lastKnownFileType = folder.assetcatalog; path = Assets.xcassets; sourceTree = "<group>"; };
		13E7DE9F2BF5C1B80093E643 /* Base */ = {isa = PBXFileReference; lastKnownFileType = file.storyboard; name = Base; path = Base.lproj/LaunchScreen.storyboard; sourceTree = "<group>"; };
		13E7DEA12BF5C1B80093E643 /* Info.plist */ = {isa = PBXFileReference; lastKnownFileType = text.plist.xml; path = Info.plist; sourceTree = "<group>"; };
		13E7DEAB2BF6FB0F0093E643 /* HomeViewController.swift */ = {isa = PBXFileReference; lastKnownFileType = sourcecode.swift; path = HomeViewController.swift; sourceTree = "<group>"; };
		13E7DEAD2BF70A2F0093E643 /* SearchViewController.swift */ = {isa = PBXFileReference; lastKnownFileType = sourcecode.swift; path = SearchViewController.swift; sourceTree = "<group>"; };
		13E7DEAF2BF70A390093E643 /* WriteViewController.swift */ = {isa = PBXFileReference; lastKnownFileType = sourcecode.swift; path = WriteViewController.swift; sourceTree = "<group>"; };
		13E7DEB12BF70A460093E643 /* HeartViewController.swift */ = {isa = PBXFileReference; lastKnownFileType = sourcecode.swift; path = HeartViewController.swift; sourceTree = "<group>"; };
		13E7DEB32BF70A530093E643 /* MypageViewController.swift */ = {isa = PBXFileReference; lastKnownFileType = sourcecode.swift; path = MypageViewController.swift; sourceTree = "<group>"; };
		13E7DEC62BF7144B0093E643 /* voice-recognition.png */ = {isa = PBXFileReference; lastKnownFileType = image.png; path = "voice-recognition.png"; sourceTree = "<group>"; };
		13E7DEC82BF714620093E643 /* fonts */ = {isa = PBXFileReference; lastKnownFileType = folder; path = fonts; sourceTree = "<group>"; };
		439FD1C7EE556BB11A8BE45B /* Pods-may24.debug.xcconfig */ = {isa = PBXFileReference; includeInIndex = 1; lastKnownFileType = text.xcconfig; name = "Pods-may24.debug.xcconfig"; path = "Target Support Files/Pods-may24/Pods-may24.debug.xcconfig"; sourceTree = "<group>"; };
		65B7E023F07AED3E694B6052 /* Pods-may24.release.xcconfig */ = {isa = PBXFileReference; includeInIndex = 1; lastKnownFileType = text.xcconfig; name = "Pods-may24.release.xcconfig"; path = "Target Support Files/Pods-may24/Pods-may24.release.xcconfig"; sourceTree = "<group>"; };
		F97C05CA1E589E7C2C0D7772 /* Pods_may24.framework */ = {isa = PBXFileReference; explicitFileType = wrapper.framework; includeInIndex = 0; path = Pods_may24.framework; sourceTree = BUILT_PRODUCTS_DIR; };
/* End PBXFileReference section */

/* Begin PBXFrameworksBuildPhase section */
		13E7DE8D2BF5C1B60093E643 /* Frameworks */ = {
			isa = PBXFrameworksBuildPhase;
			buildActionMask = 2147483647;
			files = (
				E4DCBA6BCE6C6A7D16108A19 /* Pods_may24.framework in Frameworks */,
			);
			runOnlyForDeploymentPostprocessing = 0;
		};
/* End PBXFrameworksBuildPhase section */

/* Begin PBXGroup section */
		13E7DE872BF5C1B60093E643 = {
			isa = PBXGroup;
			children = (
				13E7DE922BF5C1B60093E643 /* may24 */,
				13E7DE912BF5C1B60093E643 /* Products */,
				3DC47675FD7DF073090C25BF /* Pods */,
				64F8B37F198B22B8B2FA21AB /* Frameworks */,
			);
			sourceTree = "<group>";
		};
		13E7DE912BF5C1B60093E643 /* Products */ = {
			isa = PBXGroup;
			children = (
				13E7DE902BF5C1B60093E643 /* may24.app */,
			);
			name = Products;
			sourceTree = "<group>";
		};
		13E7DE922BF5C1B60093E643 /* may24 */ = {
			isa = PBXGroup;
			children = (
				13E7DECA2BF714810093E643 /* resources */,
				13E7DECB2BF714A60093E643 /* ViewControllers */,
				13E7DE932BF5C1B60093E643 /* AppDelegate.swift */,
				13E7DE952BF5C1B60093E643 /* SceneDelegate.swift */,
				13E7DE992BF5C1B60093E643 /* Main.storyboard */,
				13E7DE9C2BF5C1B80093E643 /* Assets.xcassets */,
				13E7DE9E2BF5C1B80093E643 /* LaunchScreen.storyboard */,
				13E7DEA12BF5C1B80093E643 /* Info.plist */,
			);
			path = may24;
			sourceTree = "<group>";
		};
		13E7DECA2BF714810093E643 /* resources */ = {
			isa = PBXGroup;
			children = (
				13E7DEC62BF7144B0093E643 /* voice-recognition.png */,
				13E7DEC82BF714620093E643 /* fonts */,
			);
			name = resources;
			sourceTree = "<group>";
		};
		13E7DECB2BF714A60093E643 /* ViewControllers */ = {
			isa = PBXGroup;
			children = (
				13E7DEAD2BF70A2F0093E643 /* SearchViewController.swift */,
				13E7DEAF2BF70A390093E643 /* WriteViewController.swift */,
				13E7DEB12BF70A460093E643 /* HeartViewController.swift */,
				13E7DEB32BF70A530093E643 /* MypageViewController.swift */,
				13E7DEAB2BF6FB0F0093E643 /* HomeViewController.swift */,
			);
			path = ViewControllers;
			sourceTree = "<group>";
		};
		3DC47675FD7DF073090C25BF /* Pods */ = {
			isa = PBXGroup;
			children = (
				439FD1C7EE556BB11A8BE45B /* Pods-may24.debug.xcconfig */,
				65B7E023F07AED3E694B6052 /* Pods-may24.release.xcconfig */,
			);
			path = Pods;
			sourceTree = "<group>";
		};
		64F8B37F198B22B8B2FA21AB /* Frameworks */ = {
			isa = PBXGroup;
			children = (
				F97C05CA1E589E7C2C0D7772 /* Pods_may24.framework */,
			);
			name = Frameworks;
			sourceTree = "<group>";
		};
/* End PBXGroup section */

/* Begin PBXNativeTarget section */
		13E7DE8F2BF5C1B60093E643 /* may24 */ = {
			isa = PBXNativeTarget;
			buildConfigurationList = 13E7DEA42BF5C1B80093E643 /* Build configuration list for PBXNativeTarget "may24" */;
			buildPhases = (
				72D726C176928E75AB2E0DC5 /* [CP] Check Pods Manifest.lock */,
				13E7DE8C2BF5C1B60093E643 /* Sources */,
				13E7DE8D2BF5C1B60093E643 /* Frameworks */,
				13E7DE8E2BF5C1B60093E643 /* Resources */,
				8FAECB1D6070A502C7536EB8 /* [CP] Embed Pods Frameworks */,
			);
			buildRules = (
			);
			dependencies = (
			);
			name = may24;
			productName = may24;
			productReference = 13E7DE902BF5C1B60093E643 /* may24.app */;
			productType = "com.apple.product-type.application";
		};
/* End PBXNativeTarget section */

/* Begin PBXProject section */
		13E7DE882BF5C1B60093E643 /* Project object */ = {
			isa = PBXProject;
			attributes = {
				BuildIndependentTargetsInParallel = 1;
				LastSwiftUpdateCheck = 1500;
				LastUpgradeCheck = 1500;
				TargetAttributes = {
					13E7DE8F2BF5C1B60093E643 = {
						CreatedOnToolsVersion = 15.0.1;
					};
				};
			};
			buildConfigurationList = 13E7DE8B2BF5C1B60093E643 /* Build configuration list for PBXProject "may24" */;
			compatibilityVersion = "Xcode 14.0";
			developmentRegion = en;
			hasScannedForEncodings = 0;
			knownRegions = (
				en,
				Base,
			);
			mainGroup = 13E7DE872BF5C1B60093E643;
			productRefGroup = 13E7DE912BF5C1B60093E643 /* Products */;
			projectDirPath = "";
			projectRoot = "";
			targets = (
				13E7DE8F2BF5C1B60093E643 /* may24 */,
			);
		};
/* End PBXProject section */

/* Begin PBXResourcesBuildPhase section */
		13E7DE8E2BF5C1B60093E643 /* Resources */ = {
			isa = PBXResourcesBuildPhase;
			buildActionMask = 2147483647;
			files = (
				13E7DEC72BF7144B0093E643 /* voice-recognition.png in Resources */,
				13E7DEC92BF714620093E643 /* fonts in Resources */,
				13E7DEA02BF5C1B80093E643 /* LaunchScreen.storyboard in Resources */,
				13E7DE9D2BF5C1B80093E643 /* Assets.xcassets in Resources */,
				13E7DE9B2BF5C1B60093E643 /* Main.storyboard in Resources */,
			);
			runOnlyForDeploymentPostprocessing = 0;
		};
/* End PBXResourcesBuildPhase section */

/* Begin PBXShellScriptBuildPhase section */
		72D726C176928E75AB2E0DC5 /* [CP] Check Pods Manifest.lock */ = {
			isa = PBXShellScriptBuildPhase;
			buildActionMask = 2147483647;
			files = (
			);
			inputFileListPaths = (
			);
			inputPaths = (
				"${PODS_PODFILE_DIR_PATH}/Podfile.lock",
				"${PODS_ROOT}/Manifest.lock",
			);
			name = "[CP] Check Pods Manifest.lock";
			outputFileListPaths = (
			);
			outputPaths = (
				"$(DERIVED_FILE_DIR)/Pods-may24-checkManifestLockResult.txt",
			);
			runOnlyForDeploymentPostprocessing = 0;
			shellPath = /bin/sh;
			shellScript = "diff \"${PODS_PODFILE_DIR_PATH}/Podfile.lock\" \"${PODS_ROOT}/Manifest.lock\" > /dev/null\nif [ $? != 0 ] ; then\n    # print error to STDERR\n    echo \"error: The sandbox is not in sync with the Podfile.lock. Run 'pod install' or update your CocoaPods installation.\" >&2\n    exit 1\nfi\n# This output is used by Xcode 'outputs' to avoid re-running this script phase.\necho \"SUCCESS\" > \"${SCRIPT_OUTPUT_FILE_0}\"\n";
			showEnvVarsInLog = 0;
		};
		8FAECB1D6070A502C7536EB8 /* [CP] Embed Pods Frameworks */ = {
			isa = PBXShellScriptBuildPhase;
			buildActionMask = 2147483647;
			files = (
			);
			inputFileListPaths = (
				"${PODS_ROOT}/Target Support Files/Pods-may24/Pods-may24-frameworks-${CONFIGURATION}-input-files.xcfilelist",
			);
			name = "[CP] Embed Pods Frameworks";
			outputFileListPaths = (
				"${PODS_ROOT}/Target Support Files/Pods-may24/Pods-may24-frameworks-${CONFIGURATION}-output-files.xcfilelist",
			);
			runOnlyForDeploymentPostprocessing = 0;
			shellPath = /bin/sh;
			shellScript = "\"${PODS_ROOT}/Target Support Files/Pods-may24/Pods-may24-frameworks.sh\"\n";
			showEnvVarsInLog = 0;
		};
/* End PBXShellScriptBuildPhase section */

/* Begin PBXSourcesBuildPhase section */
		13E7DE8C2BF5C1B60093E643 /* Sources */ = {
			isa = PBXSourcesBuildPhase;
			buildActionMask = 2147483647;
			files = (
				13E7DEB02BF70A390093E643 /* WriteViewController.swift in Sources */,
				13E7DEAE2BF70A2F0093E643 /* SearchViewController.swift in Sources */,
				13E7DE942BF5C1B60093E643 /* AppDelegate.swift in Sources */,
				13E7DE962BF5C1B60093E643 /* SceneDelegate.swift in Sources */,
				13E7DEAC2BF6FB0F0093E643 /* HomeViewController.swift in Sources */,
				13E7DEB22BF70A460093E643 /* HeartViewController.swift in Sources */,
				13E7DEB42BF70A530093E643 /* MypageViewController.swift in Sources */,
			);
			runOnlyForDeploymentPostprocessing = 0;
		};
/* End PBXSourcesBuildPhase section */

/* Begin PBXVariantGroup section */
		13E7DE992BF5C1B60093E643 /* Main.storyboard */ = {
			isa = PBXVariantGroup;
			children = (
				13E7DE9A2BF5C1B60093E643 /* Base */,
			);
			name = Main.storyboard;
			sourceTree = "<group>";
		};
		13E7DE9E2BF5C1B80093E643 /* LaunchScreen.storyboard */ = {
			isa = PBXVariantGroup;
			children = (
				13E7DE9F2BF5C1B80093E643 /* Base */,
			);
			name = LaunchScreen.storyboard;
			sourceTree = "<group>";
		};
/* End PBXVariantGroup section */

/* Begin XCBuildConfiguration section */
		13E7DEA22BF5C1B80093E643 /* Debug */ = {
			isa = XCBuildConfiguration;
			buildSettings = {
				ALWAYS_SEARCH_USER_PATHS = NO;
				ASSETCATALOG_COMPILER_GENERATE_SWIFT_ASSET_SYMBOL_EXTENSIONS = YES;
				CLANG_ANALYZER_NONNULL = YES;
				CLANG_ANALYZER_NUMBER_OBJECT_CONVERSION = YES_AGGRESSIVE;
				CLANG_CXX_LANGUAGE_STANDARD = "gnu++20";
				CLANG_ENABLE_MODULES = YES;
				CLANG_ENABLE_OBJC_ARC = YES;
				CLANG_ENABLE_OBJC_WEAK = YES;
				CLANG_WARN_BLOCK_CAPTURE_AUTORELEASING = YES;
				CLANG_WARN_BOOL_CONVERSION = YES;
				CLANG_WARN_COMMA = YES;
				CLANG_WARN_CONSTANT_CONVERSION = YES;
				CLANG_WARN_DEPRECATED_OBJC_IMPLEMENTATIONS = YES;
				CLANG_WARN_DIRECT_OBJC_ISA_USAGE = YES_ERROR;
				CLANG_WARN_DOCUMENTATION_COMMENTS = YES;
				CLANG_WARN_EMPTY_BODY = YES;
				CLANG_WARN_ENUM_CONVERSION = YES;
				CLANG_WARN_INFINITE_RECURSION = YES;
				CLANG_WARN_INT_CONVERSION = YES;
				CLANG_WARN_NON_LITERAL_NULL_CONVERSION = YES;
				CLANG_WARN_OBJC_IMPLICIT_RETAIN_SELF = YES;
				CLANG_WARN_OBJC_LITERAL_CONVERSION = YES;
				CLANG_WARN_OBJC_ROOT_CLASS = YES_ERROR;
				CLANG_WARN_QUOTED_INCLUDE_IN_FRAMEWORK_HEADER = YES;
				CLANG_WARN_RANGE_LOOP_ANALYSIS = YES;
				CLANG_WARN_STRICT_PROTOTYPES = YES;
				CLANG_WARN_SUSPICIOUS_MOVE = YES;
				CLANG_WARN_UNGUARDED_AVAILABILITY = YES_AGGRESSIVE;
				CLANG_WARN_UNREACHABLE_CODE = YES;
				CLANG_WARN__DUPLICATE_METHOD_MATCH = YES;
				COPY_PHASE_STRIP = NO;
				DEBUG_INFORMATION_FORMAT = dwarf;
				ENABLE_STRICT_OBJC_MSGSEND = YES;
				ENABLE_TESTABILITY = YES;
				ENABLE_USER_SCRIPT_SANDBOXING = NO;
				GCC_C_LANGUAGE_STANDARD = gnu17;
				GCC_DYNAMIC_NO_PIC = NO;
				GCC_NO_COMMON_BLOCKS = YES;
				GCC_OPTIMIZATION_LEVEL = 0;
				GCC_PREPROCESSOR_DEFINITIONS = (
					"DEBUG=1",
					"$(inherited)",
				);
				GCC_WARN_64_TO_32_BIT_CONVERSION = YES;
				GCC_WARN_ABOUT_RETURN_TYPE = YES_ERROR;
				GCC_WARN_UNDECLARED_SELECTOR = YES;
				GCC_WARN_UNINITIALIZED_AUTOS = YES_AGGRESSIVE;
				GCC_WARN_UNUSED_FUNCTION = YES;
				GCC_WARN_UNUSED_VARIABLE = YES;
				IPHONEOS_DEPLOYMENT_TARGET = 17.0;
				LOCALIZATION_PREFERS_STRING_CATALOGS = YES;
				MTL_ENABLE_DEBUG_INFO = INCLUDE_SOURCE;
				MTL_FAST_MATH = YES;
				ONLY_ACTIVE_ARCH = YES;
				SDKROOT = iphoneos;
				SWIFT_ACTIVE_COMPILATION_CONDITIONS = "DEBUG $(inherited)";
				SWIFT_OPTIMIZATION_LEVEL = "-Onone";
			};
			name = Debug;
		};
		13E7DEA32BF5C1B80093E643 /* Release */ = {
			isa = XCBuildConfiguration;
			buildSettings = {
				ALWAYS_SEARCH_USER_PATHS = NO;
				ASSETCATALOG_COMPILER_GENERATE_SWIFT_ASSET_SYMBOL_EXTENSIONS = YES;
				CLANG_ANALYZER_NONNULL = YES;
				CLANG_ANALYZER_NUMBER_OBJECT_CONVERSION = YES_AGGRESSIVE;
				CLANG_CXX_LANGUAGE_STANDARD = "gnu++20";
				CLANG_ENABLE_MODULES = YES;
				CLANG_ENABLE_OBJC_ARC = YES;
				CLANG_ENABLE_OBJC_WEAK = YES;
				CLANG_WARN_BLOCK_CAPTURE_AUTORELEASING = YES;
				CLANG_WARN_BOOL_CONVERSION = YES;
				CLANG_WARN_COMMA = YES;
				CLANG_WARN_CONSTANT_CONVERSION = YES;
				CLANG_WARN_DEPRECATED_OBJC_IMPLEMENTATIONS = YES;
				CLANG_WARN_DIRECT_OBJC_ISA_USAGE = YES_ERROR;
				CLANG_WARN_DOCUMENTATION_COMMENTS = YES;
				CLANG_WARN_EMPTY_BODY = YES;
				CLANG_WARN_ENUM_CONVERSION = YES;
				CLANG_WARN_INFINITE_RECURSION = YES;
				CLANG_WARN_INT_CONVERSION = YES;
				CLANG_WARN_NON_LITERAL_NULL_CONVERSION = YES;
				CLANG_WARN_OBJC_IMPLICIT_RETAIN_SELF = YES;
				CLANG_WARN_OBJC_LITERAL_CONVERSION = YES;
				CLANG_WARN_OBJC_ROOT_CLASS = YES_ERROR;
				CLANG_WARN_QUOTED_INCLUDE_IN_FRAMEWORK_HEADER = YES;
				CLANG_WARN_RANGE_LOOP_ANALYSIS = YES;
				CLANG_WARN_STRICT_PROTOTYPES = YES;
				CLANG_WARN_SUSPICIOUS_MOVE = YES;
				CLANG_WARN_UNGUARDED_AVAILABILITY = YES_AGGRESSIVE;
				CLANG_WARN_UNREACHABLE_CODE = YES;
				CLANG_WARN__DUPLICATE_METHOD_MATCH = YES;
				COPY_PHASE_STRIP = NO;
				DEBUG_INFORMATION_FORMAT = "dwarf-with-dsym";
				ENABLE_NS_ASSERTIONS = NO;
				ENABLE_STRICT_OBJC_MSGSEND = YES;
				ENABLE_USER_SCRIPT_SANDBOXING = NO;
				GCC_C_LANGUAGE_STANDARD = gnu17;
				GCC_NO_COMMON_BLOCKS = YES;
				GCC_WARN_64_TO_32_BIT_CONVERSION = YES;
				GCC_WARN_ABOUT_RETURN_TYPE = YES_ERROR;
				GCC_WARN_UNDECLARED_SELECTOR = YES;
				GCC_WARN_UNINITIALIZED_AUTOS = YES_AGGRESSIVE;
				GCC_WARN_UNUSED_FUNCTION = YES;
				GCC_WARN_UNUSED_VARIABLE = YES;
				IPHONEOS_DEPLOYMENT_TARGET = 17.0;
				LOCALIZATION_PREFERS_STRING_CATALOGS = YES;
				MTL_ENABLE_DEBUG_INFO = NO;
				MTL_FAST_MATH = YES;
				SDKROOT = iphoneos;
				SWIFT_COMPILATION_MODE = wholemodule;
				VALIDATE_PRODUCT = YES;
			};
			name = Release;
		};
		13E7DEA52BF5C1B80093E643 /* Debug */ = {
			isa = XCBuildConfiguration;
			baseConfigurationReference = 439FD1C7EE556BB11A8BE45B /* Pods-may24.debug.xcconfig */;
			buildSettings = {
				ASSETCATALOG_COMPILER_APPICON_NAME = AppIcon;
				ASSETCATALOG_COMPILER_GLOBAL_ACCENT_COLOR_NAME = AccentColor;
				CODE_SIGN_STYLE = Automatic;
				CURRENT_PROJECT_VERSION = 1;
				DEVELOPMENT_TEAM = 9LPGL9GXUQ;
				GENERATE_INFOPLIST_FILE = YES;
				INFOPLIST_FILE = may24/Info.plist;
				INFOPLIST_KEY_UIApplicationSupportsIndirectInputEvents = YES;
				INFOPLIST_KEY_UILaunchStoryboardName = LaunchScreen;
				INFOPLIST_KEY_UIMainStoryboardFile = Main;
				INFOPLIST_KEY_UISupportedInterfaceOrientations_iPad = "UIInterfaceOrientationPortrait UIInterfaceOrientationPortraitUpsideDown UIInterfaceOrientationLandscapeLeft UIInterfaceOrientationLandscapeRight";
				INFOPLIST_KEY_UISupportedInterfaceOrientations_iPhone = "UIInterfaceOrientationPortrait UIInterfaceOrientationLandscapeLeft UIInterfaceOrientationLandscapeRight";
				LD_RUNPATH_SEARCH_PATHS = (
					"$(inherited)",
					"@executable_path/Frameworks",
				);
				MARKETING_VERSION = 1.0;
				PRODUCT_BUNDLE_IDENTIFIER = com.may24;
				PRODUCT_NAME = "$(TARGET_NAME)";
				SWIFT_EMIT_LOC_STRINGS = YES;
				SWIFT_VERSION = 5.0;
				TARGETED_DEVICE_FAMILY = "1,2";
			};
			name = Debug;
		};
		13E7DEA62BF5C1B80093E643 /* Release */ = {
			isa = XCBuildConfiguration;
			baseConfigurationReference = 65B7E023F07AED3E694B6052 /* Pods-may24.release.xcconfig */;
			buildSettings = {
				ASSETCATALOG_COMPILER_APPICON_NAME = AppIcon;
				ASSETCATALOG_COMPILER_GLOBAL_ACCENT_COLOR_NAME = AccentColor;
				CODE_SIGN_STYLE = Automatic;
				CURRENT_PROJECT_VERSION = 1;
				DEVELOPMENT_TEAM = 9LPGL9GXUQ;
				GENERATE_INFOPLIST_FILE = YES;
				INFOPLIST_FILE = may24/Info.plist;
				INFOPLIST_KEY_UIApplicationSupportsIndirectInputEvents = YES;
				INFOPLIST_KEY_UILaunchStoryboardName = LaunchScreen;
				INFOPLIST_KEY_UIMainStoryboardFile = Main;
				INFOPLIST_KEY_UISupportedInterfaceOrientations_iPad = "UIInterfaceOrientationPortrait UIInterfaceOrientationPortraitUpsideDown UIInterfaceOrientationLandscapeLeft UIInterfaceOrientationLandscapeRight";
				INFOPLIST_KEY_UISupportedInterfaceOrientations_iPhone = "UIInterfaceOrientationPortrait UIInterfaceOrientationLandscapeLeft UIInterfaceOrientationLandscapeRight";
				LD_RUNPATH_SEARCH_PATHS = (
					"$(inherited)",
					"@executable_path/Frameworks",
				);
				MARKETING_VERSION = 1.0;
				PRODUCT_BUNDLE_IDENTIFIER = com.may24;
				PRODUCT_NAME = "$(TARGET_NAME)";
				SWIFT_EMIT_LOC_STRINGS = YES;
				SWIFT_VERSION = 5.0;
				TARGETED_DEVICE_FAMILY = "1,2";
			};
			name = Release;
		};
/* End XCBuildConfiguration section */

/* Begin XCConfigurationList section */
		13E7DE8B2BF5C1B60093E643 /* Build configuration list for PBXProject "may24" */ = {
			isa = XCConfigurationList;
			buildConfigurations = (
				13E7DEA22BF5C1B80093E643 /* Debug */,
				13E7DEA32BF5C1B80093E643 /* Release */,
			);
			defaultConfigurationIsVisible = 0;
			defaultConfigurationName = Release;
		};
		13E7DEA42BF5C1B80093E643 /* Build configuration list for PBXNativeTarget "may24" */ = {
			isa = XCConfigurationList;
			buildConfigurations = (
				13E7DEA52BF5C1B80093E643 /* Debug */,
				13E7DEA62BF5C1B80093E643 /* Release */,
			);
			defaultConfigurationIsVisible = 0;
			defaultConfigurationName = Release;
		};
/* End XCConfigurationList section */
	};
	rootObject = 13E7DE882BF5C1B60093E643 /* Project object */;
}
